{
  "version": 4,
  "terraform_version": "1.7.2",
  "serial": 10,
  "lineage": "796ae5cc-c362-3f98-3f0f-5c99c1bef2b4",
  "outputs": {},
  "resources": [
    {
      "mode": "data",
      "type": "archive_file",
      "name": "py_lambda",
      "provider": "provider[\"registry.terraform.io/hashicorp/archive\"]",
      "instances": [
        {
          "schema_version": 0,
          "attributes": {
            "exclude_symlink_directories": null,
            "excludes": null,
            "id": "d45eb692deaff73803f9eb40e8c80e4874141659",
            "output_base64sha256": "zTOAvpDejdAogIU5dVpDxADL3drv4QxaXkMD1GWyQmU=",
            "output_base64sha512": "l3VXTdfZPbEXeUtzo0UVw+4azp7hwpz3THHZudGaoRUKougp6U1+203yB9db1y05cQ91trSJ/chU70E49qGqUQ==",
            "output_file_mode": null,
            "output_md5": "608d70b062e13dfd54b057571d118aa1",
            "output_path": "./pedro_py_lambda.zip",
            "output_sha": "d45eb692deaff73803f9eb40e8c80e4874141659",
            "output_sha256": "cd3380be90de8dd028808539755a43c400cbdddaefe10c5a5e4303d465b24265",
            "output_sha512": "9775574dd7d93db117794b73a34515c3ee1ace9ee1c29cf74c71d9b9d19aa1150aa2e829e94d7edb4df207d75bd72d39710f75b6b489fdc854ef4138f6a1aa51",
            "output_size": 358,
            "source": [],
            "source_content": null,
            "source_content_filename": null,
            "source_dir": "../src/python",
            "source_file": null,
            "type": "zip"
          },
          "sensitive_attributes": []
        }
      ]
    },
    {
      "mode": "data",
      "type": "aws_iam_policy_document",
      "name": "assume_role",
      "provider": "provider[\"registry.terraform.io/hashicorp/aws\"]",
      "instances": [
        {
          "schema_version": 0,
          "attributes": {
            "id": "3693445097",
            "json": "{\n  \"Version\": \"2012-10-17\",\n  \"Statement\": [\n    {\n      \"Sid\": \"\",\n      \"Effect\": \"Allow\",\n      \"Action\": \"sts:AssumeRole\",\n      \"Principal\": {\n        \"Service\": \"lambda.amazonaws.com\"\n      }\n    }\n  ]\n}",
            "override_json": null,
            "override_policy_documents": null,
            "policy_id": null,
            "source_json": null,
            "source_policy_documents": null,
            "statement": [
              {
                "actions": [
                  "sts:AssumeRole"
                ],
                "condition": [],
                "effect": "Allow",
                "not_actions": [],
                "not_principals": [],
                "not_resources": [],
                "principals": [
                  {
                    "identifiers": [
                      "lambda.amazonaws.com"
                    ],
                    "type": "Service"
                  }
                ],
                "resources": [],
                "sid": ""
              }
            ],
            "version": "2012-10-17"
          },
          "sensitive_attributes": []
        }
      ]
    },
    {
      "mode": "managed",
      "type": "aws_iam_role",
      "name": "iam_for_lambda",
      "provider": "provider[\"registry.terraform.io/hashicorp/aws\"]",
      "instances": [
        {
          "schema_version": 0,
          "attributes": {
            "arn": "arn:aws:iam::000000000000:role/iam_for_lambda",
            "assume_role_policy": "{\"Statement\":[{\"Action\":\"sts:AssumeRole\",\"Effect\":\"Allow\",\"Principal\":{\"Service\":\"lambda.amazonaws.com\"},\"Sid\":\"\"}],\"Version\":\"2012-10-17\"}",
            "create_date": "2024-05-29T22:08:53Z",
            "description": "",
            "force_detach_policies": false,
            "id": "iam_for_lambda",
            "inline_policy": [],
            "managed_policy_arns": [],
            "max_session_duration": 3600,
            "name": "iam_for_lambda",
            "name_prefix": "",
            "path": "/",
            "permissions_boundary": null,
            "role_last_used": [
              {
                "last_used_date": "",
                "region": ""
              }
            ],
            "tags": null,
            "tags_all": {},
            "unique_id": "AROAQAAAAAAABA7FQ5JZL"
          },
          "sensitive_attributes": [],
          "private": "bnVsbA==",
          "dependencies": [
            "data.aws_iam_policy_document.assume_role"
          ]
        }
      ]
    },
    {
      "mode": "managed",
      "type": "aws_lambda_function",
      "name": "lambda_badges_processor",
      "provider": "provider[\"registry.terraform.io/hashicorp/aws\"]",
      "instances": [
        {
          "schema_version": 0,
          "attributes": {
            "architectures": [
              "x86_64"
            ],
            "arn": "arn:aws:lambda:eu-central-1:000000000000:function:pedro-vieira-lambda-py",
            "code_signing_config_arn": "",
            "dead_letter_config": [],
            "description": "Lambda function to process trip records.",
            "environment": [
              {
                "variables": {
                  "ENVIRONMENT": "local",
                  "LOGGER_LEVEL": "INFO"
                }
              }
            ],
            "ephemeral_storage": [],
            "file_system_config": [],
            "filename": "pedro_py_lambda.zip",
            "function_name": "pedro-vieira-lambda-py",
            "handler": "lambda_function.lambda_handler",
            "id": "pedro-vieira-lambda-py",
            "image_config": [],
            "image_uri": "",
            "invoke_arn": "arn:aws:apigateway:eu-central-1:lambda:path/2015-03-31/functions/arn:aws:lambda:eu-central-1:000000000000:function:pedro-vieira-lambda-py/invocations",
            "kms_key_arn": "",
            "last_modified": "2024-05-29T22:08:55.596+0000",
            "layers": null,
            "memory_size": 128,
            "package_type": "Zip",
            "publish": false,
            "qualified_arn": "arn:aws:lambda:eu-central-1:000000000000:function:pedro-vieira-lambda-py:$LATEST",
            "qualified_invoke_arn": "arn:aws:apigateway:eu-central-1:lambda:path/2015-03-31/functions/arn:aws:lambda:eu-central-1:000000000000:function:pedro-vieira-lambda-py:$LATEST/invocations",
            "replace_security_groups_on_destroy": null,
            "replacement_security_group_ids": null,
            "reserved_concurrent_executions": -1,
            "role": "arn:aws:iam::000000000000:role/iam_for_lambda",
            "runtime": "python3.9",
            "s3_bucket": null,
            "s3_key": null,
            "s3_object_version": null,
            "signing_job_arn": "",
            "signing_profile_version_arn": "",
            "skip_destroy": false,
            "snap_start": [],
            "source_code_hash": "zTOAvpDejdAogIU5dVpDxADL3drv4QxaXkMD1GWyQmU=",
            "source_code_size": 358,
            "tags": {
              "ResourceOwner": "/Pedro/"
            },
            "tags_all": {
              "ResourceOwner": "/Pedro/"
            },
            "timeout": 60,
            "timeouts": null,
            "tracing_config": [
              {
                "mode": "PassThrough"
              }
            ],
            "version": "$LATEST",
            "vpc_config": []
          },
          "sensitive_attributes": [],
          "private": "eyJlMmJmYjczMC1lY2FhLTExZTYtOGY4OC0zNDM2M2JjN2M0YzAiOnsiY3JlYXRlIjo2MDAwMDAwMDAwMDAsImRlbGV0ZSI6NjAwMDAwMDAwMDAwLCJ1cGRhdGUiOjYwMDAwMDAwMDAwMH19",
          "dependencies": [
            "aws_iam_role.iam_for_lambda",
            "data.archive_file.py_lambda",
            "data.aws_iam_policy_document.assume_role"
          ]
        }
      ]
    },
    {
      "mode": "managed",
      "type": "aws_secretsmanager_secret",
      "name": "my_secrets",
      "provider": "provider[\"registry.terraform.io/hashicorp/aws\"]",
      "instances": [
        {
          "schema_version": 0,
          "attributes": {
            "arn": "arn:aws:secretsmanager:eu-central-1:000000000000:secret:pedro-vieira-secret-TfqpJG",
            "description": "Private Secrets",
            "force_overwrite_replica_secret": false,
            "id": "arn:aws:secretsmanager:eu-central-1:000000000000:secret:pedro-vieira-secret-TfqpJG",
            "kms_key_id": "",
            "name": "pedro-vieira-secret",
            "name_prefix": "",
            "policy": "",
            "recovery_window_in_days": 30,
            "replica": [],
            "rotation_enabled": false,
            "rotation_lambda_arn": "",
            "rotation_rules": [],
            "tags": {
              "ResourceOwner": "/Pedro/"
            },
            "tags_all": {
              "ResourceOwner": "/Pedro/"
            }
          },
          "sensitive_attributes": [],
          "private": "bnVsbA=="
        }
      ]
    },
    {
      "mode": "managed",
      "type": "aws_secretsmanager_secret_version",
      "name": "my_secrets_version",
      "provider": "provider[\"registry.terraform.io/hashicorp/aws\"]",
      "instances": [
        {
          "schema_version": 0,
          "attributes": {
            "arn": "arn:aws:secretsmanager:eu-central-1:000000000000:secret:pedro-vieira-secret-TfqpJG",
            "id": "arn:aws:secretsmanager:eu-central-1:000000000000:secret:pedro-vieira-secret-TfqpJG|3F0D25A1-5CDC-4766-9213-61B1F0B31742",
            "secret_binary": "",
            "secret_id": "arn:aws:secretsmanager:eu-central-1:000000000000:secret:pedro-vieira-secret-TfqpJG",
            "secret_string": "{\"githubApiKey\":\"dummy-api-key\"}",
            "version_id": "3F0D25A1-5CDC-4766-9213-61B1F0B31742",
            "version_stages": [
              "AWSCURRENT"
            ]
          },
          "sensitive_attributes": [],
          "private": "bnVsbA==",
          "dependencies": [
            "aws_secretsmanager_secret.my_secrets"
          ]
        }
      ]
    },
    {
      "module": "module.pedro_dynamodb",
      "mode": "managed",
      "type": "aws_dynamodb_table",
      "name": "basic-dynamodb-table",
      "provider": "provider[\"registry.terraform.io/hashicorp/aws\"]",
      "instances": [
        {
          "schema_version": 1,
          "attributes": {
            "arn": "arn:aws:dynamodb:eu-central-1:000000000000:table/pedro-dynamodb",
            "attribute": [
              {
                "name": "id",
                "type": "N"
              },
              {
                "name": "source",
                "type": "S"
              }
            ],
            "billing_mode": "PAY_PER_REQUEST",
            "deletion_protection_enabled": false,
            "global_secondary_index": [],
            "hash_key": "source",
            "id": "pedro-dynamodb",
            "local_secondary_index": [],
            "name": "pedro-dynamodb",
            "point_in_time_recovery": [
              {
                "enabled": false
              }
            ],
            "range_key": "id",
            "read_capacity": 0,
            "replica": [],
            "restore_date_time": null,
            "restore_source_name": null,
            "restore_to_latest_time": null,
            "server_side_encryption": [],
            "stream_arn": "",
            "stream_enabled": false,
            "stream_label": "",
            "stream_view_type": "",
            "table_class": "STANDARD",
            "tags": {},
            "tags_all": {},
            "timeouts": null,
            "ttl": [
              {
                "attribute_name": "",
                "enabled": false
              }
            ],
            "write_capacity": 0
          },
          "sensitive_attributes": [],
          "private": "eyJlMmJmYjczMC1lY2FhLTExZTYtOGY4OC0zNDM2M2JjN2M0YzAiOnsiY3JlYXRlIjoxODAwMDAwMDAwMDAwLCJkZWxldGUiOjYwMDAwMDAwMDAwMCwidXBkYXRlIjozNjAwMDAwMDAwMDAwfSwic2NoZW1hX3ZlcnNpb24iOiIxIn0="
        }
      ]
    },
    {
      "module": "module.pedro_sqs",
      "mode": "managed",
      "type": "aws_sqs_queue",
      "name": "deadletter_queue",
      "provider": "provider[\"registry.terraform.io/hashicorp/aws\"]",
      "instances": [
        {
          "schema_version": 0,
          "attributes": {
            "arn": "arn:aws:sqs:eu-central-1:000000000000:pedro-vieira-dlq",
            "content_based_deduplication": false,
            "deduplication_scope": "",
            "delay_seconds": 0,
            "fifo_queue": false,
            "fifo_throughput_limit": "",
            "id": "http://localhost:4566/000000000000/pedro-vieira-dlq",
            "kms_data_key_reuse_period_seconds": 300,
            "kms_master_key_id": "",
            "max_message_size": 262144,
            "message_retention_seconds": 1209600,
            "name": "pedro-vieira-dlq",
            "name_prefix": "",
            "policy": "",
            "receive_wait_time_seconds": 0,
            "redrive_allow_policy": "{\"redrivePermission\":\"byQueue\",\"sourceQueueArns\":[\"arn:aws:sqs:eu-central-1:000000000000:pedro-vieira-queue\"]}",
            "redrive_policy": "",
            "sqs_managed_sse_enabled": true,
            "tags": {
              "ResourceOwner": "/Pedro/"
            },
            "tags_all": {
              "ResourceOwner": "/Pedro/"
            },
            "url": "http://localhost:4566/000000000000/pedro-vieira-dlq",
            "visibility_timeout_seconds": 30
          },
          "sensitive_attributes": [],
          "private": "bnVsbA=="
        }
      ]
    },
    {
      "module": "module.pedro_sqs",
      "mode": "managed",
      "type": "aws_sqs_queue",
      "name": "queue",
      "provider": "provider[\"registry.terraform.io/hashicorp/aws\"]",
      "instances": [
        {
          "schema_version": 0,
          "attributes": {
            "arn": "arn:aws:sqs:eu-central-1:000000000000:pedro-vieira-queue",
            "content_based_deduplication": false,
            "deduplication_scope": "",
            "delay_seconds": 0,
            "fifo_queue": false,
            "fifo_throughput_limit": "",
            "id": "http://localhost:4566/000000000000/pedro-vieira-queue",
            "kms_data_key_reuse_period_seconds": 300,
            "kms_master_key_id": "",
            "max_message_size": 262144,
            "message_retention_seconds": 1209600,
            "name": "pedro-vieira-queue",
            "name_prefix": "",
            "policy": "",
            "receive_wait_time_seconds": 0,
            "redrive_allow_policy": "",
            "redrive_policy": "{\"deadLetterTargetArn\":\"arn:aws:sqs:eu-central-1:000000000000:pedro-vieira-dlq\",\"maxReceiveCount\":3}",
            "sqs_managed_sse_enabled": true,
            "tags": {
              "ResourceOwner": "/Pedro/"
            },
            "tags_all": {
              "ResourceOwner": "/Pedro/"
            },
            "url": "http://localhost:4566/000000000000/pedro-vieira-queue",
            "visibility_timeout_seconds": 30
          },
          "sensitive_attributes": [],
          "private": "bnVsbA==",
          "dependencies": [
            "module.pedro_sqs.aws_sqs_queue.deadletter_queue"
          ]
        }
      ]
    },
    {
      "module": "module.pedro_sqs",
      "mode": "managed",
      "type": "aws_sqs_queue_redrive_allow_policy",
      "name": "deadletter_queue_redrive_policy",
      "provider": "provider[\"registry.terraform.io/hashicorp/aws\"]",
      "instances": [
        {
          "schema_version": 0,
          "attributes": {
            "id": "http://localhost:4566/000000000000/pedro-vieira-dlq",
            "queue_url": "http://localhost:4566/000000000000/pedro-vieira-dlq",
            "redrive_allow_policy": "{\"redrivePermission\":\"byQueue\",\"sourceQueueArns\":[\"arn:aws:sqs:eu-central-1:000000000000:pedro-vieira-queue\"]}"
          },
          "sensitive_attributes": [],
          "private": "bnVsbA==",
          "dependencies": [
            "module.pedro_sqs.aws_sqs_queue.deadletter_queue",
            "module.pedro_sqs.aws_sqs_queue.queue"
          ]
        }
      ]
    }
  ],
  "check_results": [
    {
      "object_kind": "var",
      "config_addr": "module.pedro_dynamodb.var.billing_mode",
      "status": "unknown",
      "objects": [
        {
          "object_addr": "module.pedro_dynamodb.var.billing_mode",
          "status": "unknown"
        }
      ]
    }
  ]
}
